// !$*UTF8*$!
{
	archiveVersion = 1;
	classes = {
	};
	objectVersion = 50;
	objects = {

/* Begin PBXBuildFile section */
		CD13D95F22C567280018629B /* AppDelegate.swift in Sources */ = {isa = PBXBuildFile; fileRef = CD13D95E22C567280018629B /* AppDelegate.swift */; };
		CD13D96122C567280018629B /* ViewController.swift in Sources */ = {isa = PBXBuildFile; fileRef = CD13D96022C567280018629B /* ViewController.swift */; };
		CD13D96722C567280018629B /* TripPlanner.xcdatamodeld in Sources */ = {isa = PBXBuildFile; fileRef = CD13D96522C567280018629B /* TripPlanner.xcdatamodeld */; };
		CD13D96922C5672C0018629B /* Assets.xcassets in Resources */ = {isa = PBXBuildFile; fileRef = CD13D96822C5672C0018629B /* Assets.xcassets */; };
		CD13D96C22C5672C0018629B /* LaunchScreen.storyboard in Resources */ = {isa = PBXBuildFile; fileRef = CD13D96A22C5672C0018629B /* LaunchScreen.storyboard */; };
		CD13D97722C5672C0018629B /* TripPlannerTests.swift in Sources */ = {isa = PBXBuildFile; fileRef = CD13D97622C5672C0018629B /* TripPlannerTests.swift */; };
		CD8CFCCB22C65FEF00778EE2 /* Trip.swift in Sources */ = {isa = PBXBuildFile; fileRef = CD8CFCCA22C65FEF00778EE2 /* Trip.swift */; };
/* End PBXBuildFile section */

/* Begin PBXContainerItemProxy section */
		CD13D97322C5672C0018629B /* PBXContainerItemProxy */ = {
			isa = PBXContainerItemProxy;
			containerPortal = CD13D95322C567280018629B /* Project object */;
			proxyType = 1;
			remoteGlobalIDString = CD13D95A22C567280018629B;
			remoteInfo = TripPlanner;
		};
/* End PBXContainerItemProxy section */

/* Begin PBXFileReference section */
		CD13D95B22C567280018629B /* TripPlanner.app */ = {isa = PBXFileReference; explicitFileType = wrapper.application; includeInIndex = 0; path = TripPlanner.app; sourceTree = BUILT_PRODUCTS_DIR; };
		CD13D95E22C567280018629B /* AppDelegate.swift */ = {isa = PBXFileReference; lastKnownFileType = sourcecode.swift; path = AppDelegate.swift; sourceTree = "<group>"; };
		CD13D96022C567280018629B /* ViewController.swift */ = {isa = PBXFileReference; lastKnownFileType = sourcecode.swift; path = ViewController.swift; sourceTree = "<group>"; };
		CD13D96622C567280018629B /* TripPlanner.xcdatamodel */ = {isa = PBXFileReference; lastKnownFileType = wrapper.xcdatamodel; path = TripPlanner.xcdatamodel; sourceTree = "<group>"; };
		CD13D96822C5672C0018629B /* Assets.xcassets */ = {isa = PBXFileReference; lastKnownFileType = folder.assetcatalog; path = Assets.xcassets; sourceTree = "<group>"; };
		CD13D96B22C5672C0018629B /* Base */ = {isa = PBXFileReference; lastKnownFileType = file.storyboard; name = Base; path = Base.lproj/LaunchScreen.storyboard; sourceTree = "<group>"; };
		CD13D96D22C5672C0018629B /* Info.plist */ = {isa = PBXFileReference; lastKnownFileType = text.plist.xml; path = Info.plist; sourceTree = "<group>"; };
		CD13D97222C5672C0018629B /* TripPlannerTests.xctest */ = {isa = PBXFileReference; explicitFileType = wrapper.cfbundle; includeInIndex = 0; path = TripPlannerTests.xctest; sourceTree = BUILT_PRODUCTS_DIR; };
		CD13D97622C5672C0018629B /* TripPlannerTests.swift */ = {isa = PBXFileReference; lastKnownFileType = sourcecode.swift; path = TripPlannerTests.swift; sourceTree = "<group>"; };
		CD13D97822C5672C0018629B /* Info.plist */ = {isa = PBXFileReference; lastKnownFileType = text.plist.xml; path = Info.plist; sourceTree = "<group>"; };
		CD8CFCCA22C65FEF00778EE2 /* Trip.swift */ = {isa = PBXFileReference; lastKnownFileType = sourcecode.swift; path = Trip.swift; sourceTree = "<group>"; };
/* End PBXFileReference section */

/* Begin PBXFrameworksBuildPhase section */
		CD13D95822C567280018629B /* Frameworks */ = {
			isa = PBXFrameworksBuildPhase;
			buildActionMask = 2147483647;
			files = (
			);
			runOnlyForDeploymentPostprocessing = 0;
		};
		CD13D96F22C5672C0018629B /* Frameworks */ = {
			isa = PBXFrameworksBuildPhase;
			buildActionMask = 2147483647;
			files = (
			);
			runOnlyForDeploymentPostprocessing = 0;
		};
/* End PBXFrameworksBuildPhase section */

/* Begin PBXGroup section */
		CD13D95222C567280018629B = {
			isa = PBXGroup;
			children = (
				CD13D95D22C567280018629B /* TripPlanner */,
				CD13D97522C5672C0018629B /* TripPlannerTests */,
				CD13D95C22C567280018629B /* Products */,
			);
			sourceTree = "<group>";
		};
		CD13D95C22C567280018629B /* Products */ = {
			isa = PBXGroup;
			children = (
				CD13D95B22C567280018629B /* TripPlanner.app */,
				CD13D97222C5672C0018629B /* TripPlannerTests.xctest */,
			);
			name = Products;
			sourceTree = "<group>";
		};
		CD13D95D22C567280018629B /* TripPlanner */ = {
			isa = PBXGroup;
			children = (
				CD13D95E22C567280018629B /* AppDelegate.swift */,
				CD13D96022C567280018629B /* ViewController.swift */,
				CD8CFCCA22C65FEF00778EE2 /* Trip.swift */,
				CD13D96822C5672C0018629B /* Assets.xcassets */,
				CD13D96A22C5672C0018629B /* LaunchScreen.storyboard */,
				CD13D96D22C5672C0018629B /* Info.plist */,
				CD13D96522C567280018629B /* TripPlanner.xcdatamodeld */,
			);
			path = TripPlanner;
			sourceTree = "<group>";
		};
		CD13D97522C5672C0018629B /* TripPlannerTests */ = {
			isa = PBXGroup;
			children = (
				CD13D97622C5672C0018629B /* TripPlannerTests.swift */,
				CD13D97822C5672C0018629B /* Info.plist */,
			);
			path = TripPlannerTests;
			sourceTree = "<group>";
		};
/* End PBXGroup section */

/* Begin PBXNativeTarget section */
		CD13D95A22C567280018629B /* TripPlanner */ = {
			isa = PBXNativeTarget;
			buildConfigurationList = CD13D97B22C5672C0018629B /* Build configuration list for PBXNativeTarget "TripPlanner" */;
			buildPhases = (
				CD13D95722C567280018629B /* Sources */,
				CD13D95822C567280018629B /* Frameworks */,
				CD13D95922C567280018629B /* Resources */,
			);
			buildRules = (
			);
			dependencies = (
			);
			name = TripPlanner;
			productName = TripPlanner;
			productReference = CD13D95B22C567280018629B /* TripPlanner.app */;
			productType = "com.apple.product-type.application";
		};
		CD13D97122C5672C0018629B /* TripPlannerTests */ = {
			isa = PBXNativeTarget;
			buildConfigurationList = CD13D97E22C5672C0018629B /* Build configuration list for PBXNativeTarget "TripPlannerTests" */;
			buildPhases = (
				CD13D96E22C5672C0018629B /* Sources */,
				CD13D96F22C5672C0018629B /* Frameworks */,
				CD13D97022C5672C0018629B /* Resources */,
			);
			buildRules = (
			);
			dependencies = (
				CD13D97422C5672C0018629B /* PBXTargetDependency */,
			);
			name = TripPlannerTests;
			productName = TripPlannerTests;
			productReference = CD13D97222C5672C0018629B /* TripPlannerTests.xctest */;
			productType = "com.apple.product-type.bundle.unit-test";
		};
/* End PBXNativeTarget section */

/* Begin PBXProject section */
		CD13D95322C567280018629B /* Project object */ = {
			isa = PBXProject;
			attributes = {
				LastSwiftUpdateCheck = 1010;
				LastUpgradeCheck = 1010;
				ORGANIZATIONNAME = "MattHew Phraxayavong";
				TargetAttributes = {
					CD13D95A22C567280018629B = {
						CreatedOnToolsVersion = 10.1;
					};
					CD13D97122C5672C0018629B = {
						CreatedOnToolsVersion = 10.1;
						TestTargetID = CD13D95A22C567280018629B;
					};
				};
			};
			buildConfigurationList = CD13D95622C567280018629B /* Build configuration list for PBXProject "TripPlanner" */;
			compatibilityVersion = "Xcode 9.3";
			developmentRegion = en;
			hasScannedForEncodings = 0;
			knownRegions = (
				en,
				Base,
			);
			mainGroup = CD13D95222C567280018629B;
			productRefGroup = CD13D95C22C567280018629B /* Products */;
			projectDirPath = "";
			projectRoot = "";
			targets = (
				CD13D95A22C567280018629B /* TripPlanner */,
				CD13D97122C5672C0018629B /* TripPlannerTests */,
			);
		};
/* End PBXProject section */

/* Begin PBXResourcesBuildPhase section */
		CD13D95922C567280018629B /* Resources */ = {
			isa = PBXResourcesBuildPhase;
			buildActionMask = 2147483647;
			files = (
				CD13D96C22C5672C0018629B /* LaunchScreen.storyboard in Resources */,
				CD13D96922C5672C0018629B /* Assets.xcassets in Resources */,
			);
			runOnlyForDeploymentPostprocessing = 0;
		};
		CD13D97022C5672C0018629B /* Resources */ = {
			isa = PBXResourcesBuildPhase;
			buildActionMask = 2147483647;
			files = (
			);
			runOnlyForDeploymentPostprocessing = 0;
		};
/* End PBXResourcesBuildPhase section */

/* Begin PBXSourcesBuildPhase section */
		CD13D95722C567280018629B /* Sources */ = {
			isa = PBXSourcesBuildPhase;
			buildActionMask = 2147483647;
			files = (
				CD13D96122C567280018629B /* ViewController.swift in Sources */,
				CD8CFCCB22C65FEF00778EE2 /* Trip.swift in Sources */,
				CD13D96722C567280018629B /* TripPlanner.xcdatamodeld in Sources */,
				CD13D95F22C567280018629B /* AppDelegate.swift in Sources */,
			);
			runOnlyForDeploymentPostprocessing = 0;
		};
		CD13D96E22C5672C0018629B /* Sources */ = {
			isa = PBXSourcesBuildPhase;
			buildActionMask = 2147483647;
			files = (
				CD13D97722C5672C0018629B /* TripPlannerTests.swift in Sources */,
			);
			runOnlyForDeploymentPostprocessing = 0;
		};
/* End PBXSourcesBuildPhase section */

/* Begin PBXTargetDependency section */
		CD13D97422C5672C0018629B /* PBXTargetDependency */ = {
			isa = PBXTargetDependency;
			target = CD13D95A22C567280018629B /* TripPlanner */;
			targetProxy = CD13D97322C5672C0018629B /* PBXContainerItemProxy */;
		};
/* End PBXTargetDependency section */

/* Begin PBXVariantGroup section */
		CD13D96A22C5672C0018629B /* LaunchScreen.storyboard */ = {
			isa = PBXVariantGroup;
			children = (
				CD13D96B22C5672C0018629B /* Base */,
			);
			name = LaunchScreen.storyboard;
			sourceTree = "<group>";
		};
/* End PBXVariantGroup section */

/* Begin XCBuildConfiguration section */
		CD13D97922C5672C0018629B /* Debug */ = {
			isa = XCBuildConfiguration;
			buildSettings = {
				ALWAYS_SEARCH_USER_PATHS = NO;
				CLANG_ANALYZER_NONNULL = YES;
				CLANG_ANALYZER_NUMBER_OBJECT_CONVERSION = YES_AGGRESSIVE;
				CLANG_CXX_LANGUAGE_STANDARD = "gnu++14";
				CLANG_CXX_LIBRARY = "libc++";
				CLANG_ENABLE_MODULES = YES;
				CLANG_ENABLE_OBJC_ARC = YES;
				CLANG_ENABLE_OBJC_WEAK = YES;
				CLANG_WARN_BLOCK_CAPTURE_AUTORELEASING = YES;
				CLANG_WARN_BOOL_CONVERSION = YES;
				CLANG_WARN_COMMA = YES;
				CLANG_WARN_CONSTANT_CONVERSION = YES;
				CLANG_WARN_DEPRECATED_OBJC_IMPLEMENTATIONS = YES;
				CLANG_WARN_DIRECT_OBJC_ISA_USAGE = YES_ERROR;
				CLANG_WARN_DOCUMENTATION_COMMENTS = YES;
				CLANG_WARN_EMPTY_BODY = YES;
				CLANG_WARN_ENUM_CONVERSION = YES;
				CLANG_WARN_INFINITE_RECURSION = YES;
				CLANG_WARN_INT_CONVERSION = YES;
				CLANG_WARN_NON_LITERAL_NULL_CONVERSION = YES;
				CLANG_WARN_OBJC_IMPLICIT_RETAIN_SELF = YES;
				CLANG_WARN_OBJC_LITERAL_CONVERSION = YES;
				CLANG_WARN_OBJC_ROOT_CLASS = YES_ERROR;
				CLANG_WARN_RANGE_LOOP_ANALYSIS = YES;
				CLANG_WARN_STRICT_PROTOTYPES = YES;
				CLANG_WARN_SUSPICIOUS_MOVE = YES;
				CLANG_WARN_UNGUARDED_AVAILABILITY = YES_AGGRESSIVE;
				CLANG_WARN_UNREACHABLE_CODE = YES;
				CLANG_WARN__DUPLICATE_METHOD_MATCH = YES;
				CODE_SIGN_IDENTITY = "iPhone Developer";
				COPY_PHASE_STRIP = NO;
				DEBUG_INFORMATION_FORMAT = dwarf;
				ENABLE_STRICT_OBJC_MSGSEND = YES;
				ENABLE_TESTABILITY = YES;
				GCC_C_LANGUAGE_STANDARD = gnu11;
				GCC_DYNAMIC_NO_PIC = NO;
				GCC_NO_COMMON_BLOCKS = YES;
				GCC_OPTIMIZATION_LEVEL = 0;
				GCC_PREPROCESSOR_DEFINITIONS = (
					"DEBUG=1",
					"$(inherited)",
				);
				GCC_WARN_64_TO_32_BIT_CONVERSION = YES;
				GCC_WARN_ABOUT_RETURN_TYPE = YES_ERROR;
				GCC_WARN_UNDECLARED_SELECTOR = YES;
				GCC_WARN_UNINITIALIZED_AUTOS = YES_AGGRESSIVE;
				GCC_WARN_UNUSED_FUNCTION = YES;
				GCC_WARN_UNUSED_VARIABLE = YES;
				IPHONEOS_DEPLOYMENT_TARGET = 12.1;
				MTL_ENABLE_DEBUG_INFO = INCLUDE_SOURCE;
				MTL_FAST_MATH = YES;
				ONLY_ACTIVE_ARCH = YES;
				SDKROOT = iphoneos;
				SWIFT_ACTIVE_COMPILATION_CONDITIONS = DEBUG;
				SWIFT_OPTIMIZATION_LEVEL = "-Onone";
			};
			name = Debug;
		};
		CD13D97A22C5672C0018629B /* Release */ = {
			isa = XCBuildConfiguration;
			buildSettings = {
				ALWAYS_SEARCH_USER_PATHS = NO;
				CLANG_ANALYZER_NONNULL = YES;
				CLANG_ANALYZER_NUMBER_OBJECT_CONVERSION = YES_AGGRESSIVE;
				CLANG_CXX_LANGUAGE_STANDARD = "gnu++14";
				CLANG_CXX_LIBRARY = "libc++";
				CLANG_ENABLE_MODULES = YES;
				CLANG_ENABLE_OBJC_ARC = YES;
				CLANG_ENABLE_OBJC_WEAK = YES;
				CLANG_WARN_BLOCK_CAPTURE_AUTORELEASING = YES;
				CLANG_WARN_BOOL_CONVERSION = YES;
				CLANG_WARN_COMMA = YES;
				CLANG_WARN_CONSTANT_CONVERSION = YES;
				CLANG_WARN_DEPRECATED_OBJC_IMPLEMENTATIONS = YES;
				CLANG_WARN_DIRECT_OBJC_ISA_USAGE = YES_ERROR;
				CLANG_WARN_DOCUMENTATION_COMMENTS = YES;
				CLANG_WARN_EMPTY_BODY = YES;
				CLANG_WARN_ENUM_CONVERSION = YES;
				CLANG_WARN_INFINITE_RECURSION = YES;
				CLANG_WARN_INT_CONVERSION = YES;
				CLANG_WARN_NON_LITERAL_NULL_CONVERSION = YES;
				CLANG_WARN_OBJC_IMPLICIT_RETAIN_SELF = YES;
				CLANG_WARN_OBJC_LITERAL_CONVERSION = YES;
				CLANG_WARN_OBJC_ROOT_CLASS = YES_ERROR;
				CLANG_WARN_RANGE_LOOP_ANALYSIS = YES;
				CLANG_WARN_STRICT_PROTOTYPES = YES;
				CLANG_WARN_SUSPICIOUS_MOVE = YES;
				CLANG_WARN_UNGUARDED_AVAILABILITY = YES_AGGRESSIVE;
				CLANG_WARN_UNREACHABLE_CODE = YES;
				CLANG_WARN__DUPLICATE_METHOD_MATCH = YES;
				CODE_SIGN_IDENTITY = "iPhone Developer";
				COPY_PHASE_STRIP = NO;
				DEBUG_INFORMATION_FORMAT = "dwarf-with-dsym";
				ENABLE_NS_ASSERTIONS = NO;
				ENABLE_STRICT_OBJC_MSGSEND = YES;
				GCC_C_LANGUAGE_STANDARD = gnu11;
				GCC_NO_COMMON_BLOCKS = YES;
				GCC_WARN_64_TO_32_BIT_CONVERSION = YES;
				GCC_WARN_ABOUT_RETURN_TYPE = YES_ERROR;
				GCC_WARN_UNDECLARED_SELECTOR = YES;
				GCC_WARN_UNINITIALIZED_AUTOS = YES_AGGRESSIVE;
				GCC_WARN_UNUSED_FUNCTION = YES;
				GCC_WARN_UNUSED_VARIABLE = YES;
				IPHONEOS_DEPLOYMENT_TARGET = 12.1;
				MTL_ENABLE_DEBUG_INFO = NO;
				MTL_FAST_MATH = YES;
				SDKROOT = iphoneos;
				SWIFT_COMPILATION_MODE = wholemodule;
				SWIFT_OPTIMIZATION_LEVEL = "-O";
				VALIDATE_PRODUCT = YES;
			};
			name = Release;
		};
		CD13D97C22C5672C0018629B /* Debug */ = {
			isa = XCBuildConfiguration;
			buildSettings = {
				ASSETCATALOG_COMPILER_APPICON_NAME = AppIcon;
				CODE_SIGN_STYLE = Automatic;
				INFOPLIST_FILE = TripPlanner/Info.plist;
				LD_RUNPATH_SEARCH_PATHS = (
					"$(inherited)",
					"@executable_path/Frameworks",
				);
				PRODUCT_BUNDLE_IDENTIFIER = com.matthewphraxayavong.TripPlanner;
				PRODUCT_NAME = "$(TARGET_NAME)";
				SWIFT_VERSION = 4.2;
				TARGETED_DEVICE_FAMILY = "1,2";
			};
			name = Debug;
		};
		CD13D97D22C5672C0018629B /* Release */ = {
			isa = XCBuildConfiguration;
			buildSettings = {
				ASSETCATALOG_COMPILER_APPICON_NAME = AppIcon;
				CODE_SIGN_STYLE = Automatic;
				INFOPLIST_FILE = TripPlanner/Info.plist;
				LD_RUNPATH_SEARCH_PATHS = (
					"$(inherited)",
					"@executable_path/Frameworks",
				);
				PRODUCT_BUNDLE_IDENTIFIER = com.matthewphraxayavong.TripPlanner;
				PRODUCT_NAME = "$(TARGET_NAME)";
				SWIFT_VERSION = 4.2;
				TARGETED_DEVICE_FAMILY = "1,2";
			};
			name = Release;
		};
		CD13D97F22C5672C0018629B /* Debug */ = {
			isa = XCBuildConfiguration;
			buildSettings = {
				ALWAYS_EMBED_SWIFT_STANDARD_LIBRARIES = YES;
				BUNDLE_LOADER = "$(TEST_HOST)";
				CODE_SIGN_STYLE = Automatic;
				INFOPLIST_FILE = TripPlannerTests/Info.plist;
				LD_RUNPATH_SEARCH_PATHS = (
					"$(inherited)",
					"@executable_path/Frameworks",
					"@loader_path/Frameworks",
				);
				PRODUCT_BUNDLE_IDENTIFIER = com.matthewphraxayavong.TripPlannerTests;
				PRODUCT_NAME = "$(TARGET_NAME)";
				SWIFT_VERSION = 4.2;
				TARGETED_DEVICE_FAMILY = "1,2";
				TEST_HOST = "$(BUILT_PRODUCTS_DIR)/TripPlanner.app/TripPlanner";
			};
			name = Debug;
		};
		CD13D98022C5672C0018629B /* Release */ = {
			isa = XCBuildConfiguration;
			buildSettings = {
				ALWAYS_EMBED_SWIFT_STANDARD_LIBRARIES = YES;
				BUNDLE_LOADER = "$(TEST_HOST)";
				CODE_SIGN_STYLE = Automatic;
				INFOPLIST_FILE = TripPlannerTests/Info.plist;
				LD_RUNPATH_SEARCH_PATHS = (
					"$(inherited)",
					"@executable_path/Frameworks",
					"@loader_path/Frameworks",
				);
				PRODUCT_BUNDLE_IDENTIFIER = com.matthewphraxayavong.TripPlannerTests;
				PRODUCT_NAME = "$(TARGET_NAME)";
				SWIFT_VERSION = 4.2;
				TARGETED_DEVICE_FAMILY = "1,2";
				TEST_HOST = "$(BUILT_PRODUCTS_DIR)/TripPlanner.app/TripPlanner";
			};
			name = Release;
		};
/* End XCBuildConfiguration section */

/* Begin XCConfigurationList section */
		CD13D95622C567280018629B /* Build configuration list for PBXProject "TripPlanner" */ = {
			isa = XCConfigurationList;
			buildConfigurations = (
				CD13D97922C5672C0018629B /* Debug */,
				CD13D97A22C5672C0018629B /* Release */,
			);
			defaultConfigurationIsVisible = 0;
			defaultConfigurationName = Release;
		};
		CD13D97B22C5672C0018629B /* Build configuration list for PBXNativeTarget "TripPlanner" */ = {
			isa = XCConfigurationList;
			buildConfigurations = (
				CD13D97C22C5672C0018629B /* Debug */,
				CD13D97D22C5672C0018629B /* Release */,
			);
			defaultConfigurationIsVisible = 0;
			defaultConfigurationName = Release;
		};
		CD13D97E22C5672C0018629B /* Build configuration list for PBXNativeTarget "TripPlannerTests" */ = {
			isa = XCConfigurationList;
			buildConfigurations = (
				CD13D97F22C5672C0018629B /* Debug */,
				CD13D98022C5672C0018629B /* Release */,
			);
			defaultConfigurationIsVisible = 0;
			defaultConfigurationName = Release;
		};
/* End XCConfigurationList section */

/* Begin XCVersionGroup section */
		CD13D96522C567280018629B /* TripPlanner.xcdatamodeld */ = {
			isa = XCVersionGroup;
			children = (
				CD13D96622C567280018629B /* TripPlanner.xcdatamodel */,
			);
			currentVersion = CD13D96622C567280018629B /* TripPlanner.xcdatamodel */;
			path = TripPlanner.xcdatamodeld;
			sourceTree = "<group>";
			versionGroupType = wrapper.xcdatamodel;
		};
/* End XCVersionGroup section */
	};
	rootObject = CD13D95322C567280018629B /* Project object */;
}
